
Microsoft Visual Studio Solution File, Format Version 12.00
# Visual Studio Version 17
VisualStudioVersion = 17.5.33627.172
MinimumVisualStudioVersion = 10.0.40219.1
Project("{FAE04EC0-301F-11D3-BF4B-00C04F79EFBC}") = "Calculator", "Calculator\Calculator.csproj", "{29448B09-3C39-4AD0-91E8-F39886ED251F}"
EndProject
Global
	GlobalSection(SolutionConfigurationPlatforms) = preSolution
		Debug|Any CPU = Debug|Any CPU
		Release|Any CPU = Release|Any CPU
	EndGlobalSection
	GlobalSection(ProjectConfigurationPlatforms) = postSolution
		{29448B09-3C39-4AD0-91E8-F39886ED251F}.Debug|Any CPU.ActiveCfg = Debug|Any CPU
		{29448B09-3C39-4AD0-91E8-F39886ED251F}.Debug|Any CPU.Build.0 = Debug|Any CPU
		{29448B09-3C39-4AD0-91E8-F39886ED251F}.Release|Any CPU.ActiveCfg = Release|Any CPU
		{29448B09-3C39-4AD0-91E8-F39886ED251F}.Release|Any CPU.Build.0 = Release|Any CPU
	EndGlobalSection
	GlobalSection(SolutionProperties) = preSolution
		HideSolutionNode = FALSE
	EndGlobalSection
	GlobalSection(ExtensibilityGlobals) = postSolution
		SolutionGuid = {98493323-42F9-44C1-B4B3-D6DA5B80B6C8}
	EndGlobalSection
EndGlobal
